
Microsoft Visual Studio Solution File, Format Version 12.00
# Visual Studio 2013
VisualStudioVersion = 12.0.40629.0
MinimumVisualStudioVersion = 10.0.40219.1
Project("{FAE04EC0-301F-11D3-BF4B-00C04F79EFBC}") = "TracingInAspNetWebApi2", "TracingInAspNetWebApi2.csproj", "{B916B447-6D83-4C21-BDB1-E3CB006B8662}"
EndProject
Global
	GlobalSection(SolutionConfigurationPlatforms) = preSolution
		Debug|Any CPU = Debug|Any CPU
		Release|Any CPU = Release|Any CPU
	EndGlobalSection
	GlobalSection(ProjectConfigurationPlatforms) = postSolution
		{B916B447-6D83-4C21-BDB1-E3CB006B8662}.Debug|Any CPU.ActiveCfg = Debug|Any CPU
		{B916B447-6D83-4C21-BDB1-E3CB006B8662}.Debug|Any CPU.Build.0 = Debug|Any CPU
		{B916B447-6D83-4C21-BDB1-E3CB006B8662}.Release|Any CPU.ActiveCfg = Release|Any CPU
		{B916B447-6D83-4C21-BDB1-E3CB006B8662}.Release|Any CPU.Build.0 = Release|Any CPU
	EndGlobalSection
	GlobalSection(SolutionProperties) = preSolution
		HideSolutionNode = FALSE
	EndGlobalSection
EndGlobal
